// !$*UTF8*$!
{
	archiveVersion = 1;
	classes = {
	};
	objectVersion = 50;
	objects = {

/* Begin PBXBuildFile section */
		211B000320B7044900299D04 /* Incident.swift in Sources */ = {isa = PBXBuildFile; fileRef = 211B000220B7044900299D04 /* Incident.swift */; };
		211BBBD220B4FE4900BF6B96 /* MapController.swift in Sources */ = {isa = PBXBuildFile; fileRef = 211BBBD120B4FE4900BF6B96 /* MapController.swift */; };
		2127069220A6A7C700C98F5E /* AppDelegate.swift in Sources */ = {isa = PBXBuildFile; fileRef = 2127069120A6A7C700C98F5E /* AppDelegate.swift */; };
		2127069420A6A7C700C98F5E /* AuthenticationController.swift in Sources */ = {isa = PBXBuildFile; fileRef = 2127069320A6A7C700C98F5E /* AuthenticationController.swift */; };
		2127069720A6A7C700C98F5E /* Main.storyboard in Resources */ = {isa = PBXBuildFile; fileRef = 2127069520A6A7C700C98F5E /* Main.storyboard */; };
		2127069920A6A7C800C98F5E /* Assets.xcassets in Resources */ = {isa = PBXBuildFile; fileRef = 2127069820A6A7C800C98F5E /* Assets.xcassets */; };
		2127069C20A6A7C800C98F5E /* LaunchScreen.storyboard in Resources */ = {isa = PBXBuildFile; fileRef = 2127069A20A6A7C800C98F5E /* LaunchScreen.storyboard */; };
		212706A420A6A81100C98F5E /* GoogleService-Info.plist in Resources */ = {isa = PBXBuildFile; fileRef = 212706A320A6A81100C98F5E /* GoogleService-Info.plist */; };
		212706A920A6ACCF00C98F5E /* HomeController.swift in Sources */ = {isa = PBXBuildFile; fileRef = 212706A820A6ACCF00C98F5E /* HomeController.swift */; };
		212706AB20A6AD0F00C98F5E /* RegisterController.swift in Sources */ = {isa = PBXBuildFile; fileRef = 212706AA20A6AD0F00C98F5E /* RegisterController.swift */; };
		215A7B9F20AC5E0100AB4CCF /* Medic.swift in Sources */ = {isa = PBXBuildFile; fileRef = 215A7B9E20AC5E0100AB4CCF /* Medic.swift */; };
		2185F58620B8D6D700C834A5 /* SystemManager.swift in Sources */ = {isa = PBXBuildFile; fileRef = 2185F58520B8D6D700C834A5 /* SystemManager.swift */; };
		2185F58820B8D86F00C834A5 /* Patient.swift in Sources */ = {isa = PBXBuildFile; fileRef = 2185F58720B8D86F00C834A5 /* Patient.swift */; };
		21E15DEF20B696420033788A /* email.txt in Resources */ = {isa = PBXBuildFile; fileRef = 21E15DEE20B696420033788A /* email.txt */; };
		21E230DD20B502590078A0B0 /* MapKit.framework in Frameworks */ = {isa = PBXBuildFile; fileRef = 21E230DC20B502590078A0B0 /* MapKit.framework */; };
		72F820EE4671F3E336340DB9 /* Pods_MyRearGuard.framework in Frameworks */ = {isa = PBXBuildFile; fileRef = 5DC60D5CF5198F8F4FD11329 /* Pods_MyRearGuard.framework */; };
/* End PBXBuildFile section */

/* Begin PBXFileReference section */
		211B000220B7044900299D04 /* Incident.swift */ = {isa = PBXFileReference; lastKnownFileType = sourcecode.swift; path = Incident.swift; sourceTree = "<group>"; };
		211BBBD120B4FE4900BF6B96 /* MapController.swift */ = {isa = PBXFileReference; lastKnownFileType = sourcecode.swift; path = MapController.swift; sourceTree = "<group>"; };
		2127068E20A6A7C700C98F5E /* Medic.app */ = {isa = PBXFileReference; explicitFileType = wrapper.application; includeInIndex = 0; path = Medic.app; sourceTree = BUILT_PRODUCTS_DIR; };
		2127069120A6A7C700C98F5E /* AppDelegate.swift */ = {isa = PBXFileReference; lastKnownFileType = sourcecode.swift; path = AppDelegate.swift; sourceTree = "<group>"; };
		2127069320A6A7C700C98F5E /* AuthenticationController.swift */ = {isa = PBXFileReference; lastKnownFileType = sourcecode.swift; path = AuthenticationController.swift; sourceTree = "<group>"; };
		2127069620A6A7C700C98F5E /* Base */ = {isa = PBXFileReference; lastKnownFileType = file.storyboard; name = Base; path = Base.lproj/Main.storyboard; sourceTree = "<group>"; };
		2127069820A6A7C800C98F5E /* Assets.xcassets */ = {isa = PBXFileReference; lastKnownFileType = folder.assetcatalog; path = Assets.xcassets; sourceTree = "<group>"; };
		2127069B20A6A7C800C98F5E /* Base */ = {isa = PBXFileReference; lastKnownFileType = file.storyboard; name = Base; path = Base.lproj/LaunchScreen.storyboard; sourceTree = "<group>"; };
		2127069D20A6A7C800C98F5E /* Info.plist */ = {isa = PBXFileReference; lastKnownFileType = text.plist.xml; path = Info.plist; sourceTree = "<group>"; };
		212706A320A6A81100C98F5E /* GoogleService-Info.plist */ = {isa = PBXFileReference; fileEncoding = 4; lastKnownFileType = text.plist.xml; path = "GoogleService-Info.plist"; sourceTree = "<group>"; };
		212706A820A6ACCF00C98F5E /* HomeController.swift */ = {isa = PBXFileReference; lastKnownFileType = sourcecode.swift; path = HomeController.swift; sourceTree = "<group>"; };
		212706AA20A6AD0F00C98F5E /* RegisterController.swift */ = {isa = PBXFileReference; lastKnownFileType = sourcecode.swift; path = RegisterController.swift; sourceTree = "<group>"; };
		215A7B9E20AC5E0100AB4CCF /* Medic.swift */ = {isa = PBXFileReference; lastKnownFileType = sourcecode.swift; path = Medic.swift; sourceTree = "<group>"; };
		2185F58520B8D6D700C834A5 /* SystemManager.swift */ = {isa = PBXFileReference; lastKnownFileType = sourcecode.swift; path = SystemManager.swift; sourceTree = "<group>"; };
		2185F58720B8D86F00C834A5 /* Patient.swift */ = {isa = PBXFileReference; lastKnownFileType = sourcecode.swift; path = Patient.swift; sourceTree = "<group>"; };
		21E15DEE20B696420033788A /* email.txt */ = {isa = PBXFileReference; fileEncoding = 4; lastKnownFileType = text; path = email.txt; sourceTree = "<group>"; };
		21E230DC20B502590078A0B0 /* MapKit.framework */ = {isa = PBXFileReference; lastKnownFileType = wrapper.framework; name = MapKit.framework; path = System/Library/Frameworks/MapKit.framework; sourceTree = SDKROOT; };
		5DC60D5CF5198F8F4FD11329 /* Pods_MyRearGuard.framework */ = {isa = PBXFileReference; explicitFileType = wrapper.framework; includeInIndex = 0; path = Pods_MyRearGuard.framework; sourceTree = BUILT_PRODUCTS_DIR; };
		B5B9CE070D943FB91002E246 /* Pods-MyRearGuard.debug.xcconfig */ = {isa = PBXFileReference; includeInIndex = 1; lastKnownFileType = text.xcconfig; name = "Pods-MyRearGuard.debug.xcconfig"; path = "Pods/Target Support Files/Pods-MyRearGuard/Pods-MyRearGuard.debug.xcconfig"; sourceTree = "<group>"; };
		EA75E4A4FEEBD84DF9719F75 /* Pods-MyRearGuard.release.xcconfig */ = {isa = PBXFileReference; includeInIndex = 1; lastKnownFileType = text.xcconfig; name = "Pods-MyRearGuard.release.xcconfig"; path = "Pods/Target Support Files/Pods-MyRearGuard/Pods-MyRearGuard.release.xcconfig"; sourceTree = "<group>"; };
/* End PBXFileReference section */

/* Begin PBXFrameworksBuildPhase section */
		2127068B20A6A7C700C98F5E /* Frameworks */ = {
			isa = PBXFrameworksBuildPhase;
			buildActionMask = 2147483647;
			files = (
				21E230DD20B502590078A0B0 /* MapKit.framework in Frameworks */,
				72F820EE4671F3E336340DB9 /* Pods_MyRearGuard.framework in Frameworks */,
			);
			runOnlyForDeploymentPostprocessing = 0;
		};
/* End PBXFrameworksBuildPhase section */

/* Begin PBXGroup section */
		2127068520A6A7C700C98F5E = {
			isa = PBXGroup;
			children = (
				2127069020A6A7C700C98F5E /* MyRearGuard */,
				2127068F20A6A7C700C98F5E /* Products */,
				4EF66A2D457AF1D2846CABDE /* Pods */,
				F1424F7BD15E22BB2215CB47 /* Frameworks */,
			);
			sourceTree = "<group>";
		};
		2127068F20A6A7C700C98F5E /* Products */ = {
			isa = PBXGroup;
			children = (
				2127068E20A6A7C700C98F5E /* Medic.app */,
			);
			name = Products;
			sourceTree = "<group>";
		};
		2127069020A6A7C700C98F5E /* MyRearGuard */ = {
			isa = PBXGroup;
			children = (
				2127069120A6A7C700C98F5E /* AppDelegate.swift */,
				212706A720A6AABE00C98F5E /* Model */,
				212706A620A6AAB100C98F5E /* View */,
				212706A520A6AAA000C98F5E /* Controller */,
				2127069820A6A7C800C98F5E /* Assets.xcassets */,
				2127069D20A6A7C800C98F5E /* Info.plist */,
				212706A320A6A81100C98F5E /* GoogleService-Info.plist */,
				21E15DEE20B696420033788A /* email.txt */,
			);
			path = MyRearGuard;
			sourceTree = "<group>";
		};
		212706A520A6AAA000C98F5E /* Controller */ = {
			isa = PBXGroup;
			children = (
				2127069320A6A7C700C98F5E /* AuthenticationController.swift */,
				212706A820A6ACCF00C98F5E /* HomeController.swift */,
				212706AA20A6AD0F00C98F5E /* RegisterController.swift */,
				211BBBD120B4FE4900BF6B96 /* MapController.swift */,
			);
			path = Controller;
			sourceTree = "<group>";
		};
		212706A620A6AAB100C98F5E /* View */ = {
			isa = PBXGroup;
			children = (
				2127069A20A6A7C800C98F5E /* LaunchScreen.storyboard */,
				2127069520A6A7C700C98F5E /* Main.storyboard */,
			);
			path = View;
			sourceTree = "<group>";
		};
		212706A720A6AABE00C98F5E /* Model */ = {
			isa = PBXGroup;
			children = (
				215A7B9E20AC5E0100AB4CCF /* Medic.swift */,
				211B000220B7044900299D04 /* Incident.swift */,
				2185F58520B8D6D700C834A5 /* SystemManager.swift */,
				2185F58720B8D86F00C834A5 /* Patient.swift */,
			);
			path = Model;
			sourceTree = "<group>";
		};
		4EF66A2D457AF1D2846CABDE /* Pods */ = {
			isa = PBXGroup;
			children = (
				B5B9CE070D943FB91002E246 /* Pods-MyRearGuard.debug.xcconfig */,
				EA75E4A4FEEBD84DF9719F75 /* Pods-MyRearGuard.release.xcconfig */,
			);
			name = Pods;
			sourceTree = "<group>";
		};
		F1424F7BD15E22BB2215CB47 /* Frameworks */ = {
			isa = PBXGroup;
			children = (
				21E230DC20B502590078A0B0 /* MapKit.framework */,
				5DC60D5CF5198F8F4FD11329 /* Pods_MyRearGuard.framework */,
			);
			name = Frameworks;
			sourceTree = "<group>";
		};
/* End PBXGroup section */

/* Begin PBXNativeTarget section */
		2127068D20A6A7C700C98F5E /* Medic */ = {
			isa = PBXNativeTarget;
			buildConfigurationList = 212706A020A6A7C800C98F5E /* Build configuration list for PBXNativeTarget "Medic" */;
			buildPhases = (
				463149ECAB818DDB9B9D69BE /* [CP] Check Pods Manifest.lock */,
				2127068A20A6A7C700C98F5E /* Sources */,
				2127068B20A6A7C700C98F5E /* Frameworks */,
				2127068C20A6A7C700C98F5E /* Resources */,
				C8379F695C447C1BB8050735 /* [CP] Embed Pods Frameworks */,
			);
			buildRules = (
			);
			dependencies = (
			);
			name = Medic;
			productName = MyRearGuard;
			productReference = 2127068E20A6A7C700C98F5E /* Medic.app */;
			productType = "com.apple.product-type.application";
		};
/* End PBXNativeTarget section */

/* Begin PBXProject section */
		2127068620A6A7C700C98F5E /* Project object */ = {
			isa = PBXProject;
			attributes = {
				LastSwiftUpdateCheck = 0930;
				LastUpgradeCheck = 0930;
				ORGANIZATIONNAME = "Kiet Lam";
				TargetAttributes = {
					2127068D20A6A7C700C98F5E = {
						CreatedOnToolsVersion = 9.3;
						SystemCapabilities = {
							com.apple.Maps.iOS = {
								enabled = 1;
							};
						};
					};
				};
			};
			buildConfigurationList = 2127068920A6A7C700C98F5E /* Build configuration list for PBXProject "Medic" */;
			compatibilityVersion = "Xcode 9.3";
			developmentRegion = en;
			hasScannedForEncodings = 0;
			knownRegions = (
				en,
				Base,
			);
			mainGroup = 2127068520A6A7C700C98F5E;
			productRefGroup = 2127068F20A6A7C700C98F5E /* Products */;
			projectDirPath = "";
			projectRoot = "";
			targets = (
				2127068D20A6A7C700C98F5E /* Medic */,
			);
		};
/* End PBXProject section */

/* Begin PBXResourcesBuildPhase section */
		2127068C20A6A7C700C98F5E /* Resources */ = {
			isa = PBXResourcesBuildPhase;
			buildActionMask = 2147483647;
			files = (
				21E15DEF20B696420033788A /* email.txt in Resources */,
				2127069C20A6A7C800C98F5E /* LaunchScreen.storyboard in Resources */,
				212706A420A6A81100C98F5E /* GoogleService-Info.plist in Resources */,
				2127069920A6A7C800C98F5E /* Assets.xcassets in Resources */,
				2127069720A6A7C700C98F5E /* Main.storyboard in Resources */,
			);
			runOnlyForDeploymentPostprocessing = 0;
		};
/* End PBXResourcesBuildPhase section */

/* Begin PBXShellScriptBuildPhase section */
		463149ECAB818DDB9B9D69BE /* [CP] Check Pods Manifest.lock */ = {
			isa = PBXShellScriptBuildPhase;
			buildActionMask = 2147483647;
			files = (
			);
			inputPaths = (
				"${PODS_PODFILE_DIR_PATH}/Podfile.lock",
				"${PODS_ROOT}/Manifest.lock",
			);
			name = "[CP] Check Pods Manifest.lock";
			outputPaths = (
				"$(DERIVED_FILE_DIR)/Pods-MyRearGuard-checkManifestLockResult.txt",
			);
			runOnlyForDeploymentPostprocessing = 0;
			shellPath = /bin/sh;
			shellScript = "diff \"${PODS_PODFILE_DIR_PATH}/Podfile.lock\" \"${PODS_ROOT}/Manifest.lock\" > /dev/null\nif [ $? != 0 ] ; then\n    # print error to STDERR\n    echo \"error: The sandbox is not in sync with the Podfile.lock. Run 'pod install' or update your CocoaPods installation.\" >&2\n    exit 1\nfi\n# This output is used by Xcode 'outputs' to avoid re-running this script phase.\necho \"SUCCESS\" > \"${SCRIPT_OUTPUT_FILE_0}\"\n";
			showEnvVarsInLog = 0;
		};
		C8379F695C447C1BB8050735 /* [CP] Embed Pods Frameworks */ = {
			isa = PBXShellScriptBuildPhase;
			buildActionMask = 2147483647;
			files = (
			);
			inputPaths = (
				"${SRCROOT}/Pods/Target Support Files/Pods-MyRearGuard/Pods-MyRearGuard-frameworks.sh",
				"${BUILT_PRODUCTS_DIR}/GTMSessionFetcher/GTMSessionFetcher.framework",
				"${BUILT_PRODUCTS_DIR}/GoogleToolboxForMac/GoogleToolboxForMac.framework",
				"${BUILT_PRODUCTS_DIR}/SwiftKeychainWrapper/SwiftKeychainWrapper.framework",
				"${BUILT_PRODUCTS_DIR}/leveldb-library/leveldb.framework",
				"${BUILT_PRODUCTS_DIR}/nanopb/nanopb.framework",
			);
			name = "[CP] Embed Pods Frameworks";
			outputPaths = (
				"${TARGET_BUILD_DIR}/${FRAMEWORKS_FOLDER_PATH}/GTMSessionFetcher.framework",
				"${TARGET_BUILD_DIR}/${FRAMEWORKS_FOLDER_PATH}/GoogleToolboxForMac.framework",
				"${TARGET_BUILD_DIR}/${FRAMEWORKS_FOLDER_PATH}/SwiftKeychainWrapper.framework",
				"${TARGET_BUILD_DIR}/${FRAMEWORKS_FOLDER_PATH}/leveldb.framework",
				"${TARGET_BUILD_DIR}/${FRAMEWORKS_FOLDER_PATH}/nanopb.framework",
			);
			runOnlyForDeploymentPostprocessing = 0;
			shellPath = /bin/sh;
			shellScript = "\"${SRCROOT}/Pods/Target Support Files/Pods-MyRearGuard/Pods-MyRearGuard-frameworks.sh\"\n";
			showEnvVarsInLog = 0;
		};
/* End PBXShellScriptBuildPhase section */

/* Begin PBXSourcesBuildPhase section */
		2127068A20A6A7C700C98F5E /* Sources */ = {
			isa = PBXSourcesBuildPhase;
			buildActionMask = 2147483647;
			files = (
				215A7B9F20AC5E0100AB4CCF /* Medic.swift in Sources */,
				211B000320B7044900299D04 /* Incident.swift in Sources */,
				2185F58820B8D86F00C834A5 /* Patient.swift in Sources */,
				212706AB20A6AD0F00C98F5E /* RegisterController.swift in Sources */,
				2127069420A6A7C700C98F5E /* AuthenticationController.swift in Sources */,
				2185F58620B8D6D700C834A5 /* SystemManager.swift in Sources */,
				2127069220A6A7C700C98F5E /* AppDelegate.swift in Sources */,
				211BBBD220B4FE4900BF6B96 /* MapController.swift in Sources */,
				212706A920A6ACCF00C98F5E /* HomeController.swift in Sources */,
			);
			runOnlyForDeploymentPostprocessing = 0;
		};
/* End PBXSourcesBuildPhase section */

/* Begin PBXVariantGroup section */
		2127069520A6A7C700C98F5E /* Main.storyboard */ = {
			isa = PBXVariantGroup;
			children = (
				2127069620A6A7C700C98F5E /* Base */,
			);
			name = Main.storyboard;
			sourceTree = "<group>";
		};
		2127069A20A6A7C800C98F5E /* LaunchScreen.storyboard */ = {
			isa = PBXVariantGroup;
			children = (
				2127069B20A6A7C800C98F5E /* Base */,
			);
			name = LaunchScreen.storyboard;
			sourceTree = "<group>";
		};
/* End PBXVariantGroup section */

/* Begin XCBuildConfiguration section */
		2127069E20A6A7C800C98F5E /* Debug */ = {
			isa = XCBuildConfiguration;
			buildSettings = {
				ALWAYS_SEARCH_USER_PATHS = NO;
				CLANG_ANALYZER_NONNULL = YES;
				CLANG_ANALYZER_NUMBER_OBJECT_CONVERSION = YES_AGGRESSIVE;
				CLANG_CXX_LANGUAGE_STANDARD = "gnu++14";
				CLANG_CXX_LIBRARY = "libc++";
				CLANG_ENABLE_MODULES = YES;
				CLANG_ENABLE_OBJC_ARC = YES;
				CLANG_ENABLE_OBJC_WEAK = YES;
				CLANG_WARN_BLOCK_CAPTURE_AUTORELEASING = YES;
				CLANG_WARN_BOOL_CONVERSION = YES;
				CLANG_WARN_COMMA = YES;
				CLANG_WARN_CONSTANT_CONVERSION = YES;
				CLANG_WARN_DEPRECATED_OBJC_IMPLEMENTATIONS = YES;
				CLANG_WARN_DIRECT_OBJC_ISA_USAGE = YES_ERROR;
				CLANG_WARN_DOCUMENTATION_COMMENTS = YES;
				CLANG_WARN_EMPTY_BODY = YES;
				CLANG_WARN_ENUM_CONVERSION = YES;
				CLANG_WARN_INFINITE_RECURSION = YES;
				CLANG_WARN_INT_CONVERSION = YES;
				CLANG_WARN_NON_LITERAL_NULL_CONVERSION = YES;
				CLANG_WARN_OBJC_IMPLICIT_RETAIN_SELF = YES;
				CLANG_WARN_OBJC_LITERAL_CONVERSION = YES;
				CLANG_WARN_OBJC_ROOT_CLASS = YES_ERROR;
				CLANG_WARN_RANGE_LOOP_ANALYSIS = YES;
				CLANG_WARN_STRICT_PROTOTYPES = YES;
				CLANG_WARN_SUSPICIOUS_MOVE = YES;
				CLANG_WARN_UNGUARDED_AVAILABILITY = YES_AGGRESSIVE;
				CLANG_WARN_UNREACHABLE_CODE = YES;
				CLANG_WARN__DUPLICATE_METHOD_MATCH = YES;
				CODE_SIGN_IDENTITY = "iPhone Developer";
				COPY_PHASE_STRIP = NO;
				DEBUG_INFORMATION_FORMAT = dwarf;
				ENABLE_STRICT_OBJC_MSGSEND = YES;
				ENABLE_TESTABILITY = YES;
				GCC_C_LANGUAGE_STANDARD = gnu11;
				GCC_DYNAMIC_NO_PIC = NO;
				GCC_NO_COMMON_BLOCKS = YES;
				GCC_OPTIMIZATION_LEVEL = 0;
				GCC_PREPROCESSOR_DEFINITIONS = (
					"DEBUG=1",
					"$(inherited)",
				);
				GCC_WARN_64_TO_32_BIT_CONVERSION = YES;
				GCC_WARN_ABOUT_RETURN_TYPE = YES_ERROR;
				GCC_WARN_UNDECLARED_SELECTOR = YES;
				GCC_WARN_UNINITIALIZED_AUTOS = YES_AGGRESSIVE;
				GCC_WARN_UNUSED_FUNCTION = YES;
				GCC_WARN_UNUSED_VARIABLE = YES;
				IPHONEOS_DEPLOYMENT_TARGET = 11.3;
				MTL_ENABLE_DEBUG_INFO = YES;
				ONLY_ACTIVE_ARCH = YES;
				SDKROOT = iphoneos;
				SWIFT_ACTIVE_COMPILATION_CONDITIONS = DEBUG;
				SWIFT_OPTIMIZATION_LEVEL = "-Onone";
			};
			name = Debug;
		};
		2127069F20A6A7C800C98F5E /* Release */ = {
			isa = XCBuildConfiguration;
			buildSettings = {
				ALWAYS_SEARCH_USER_PATHS = NO;
				CLANG_ANALYZER_NONNULL = YES;
				CLANG_ANALYZER_NUMBER_OBJECT_CONVERSION = YES_AGGRESSIVE;
				CLANG_CXX_LANGUAGE_STANDARD = "gnu++14";
				CLANG_CXX_LIBRARY = "libc++";
				CLANG_ENABLE_MODULES = YES;
				CLANG_ENABLE_OBJC_ARC = YES;
				CLANG_ENABLE_OBJC_WEAK = YES;
				CLANG_WARN_BLOCK_CAPTURE_AUTORELEASING = YES;
				CLANG_WARN_BOOL_CONVERSION = YES;
				CLANG_WARN_COMMA = YES;
				CLANG_WARN_CONSTANT_CONVERSION = YES;
				CLANG_WARN_DEPRECATED_OBJC_IMPLEMENTATIONS = YES;
				CLANG_WARN_DIRECT_OBJC_ISA_USAGE = YES_ERROR;
				CLANG_WARN_DOCUMENTATION_COMMENTS = YES;
				CLANG_WARN_EMPTY_BODY = YES;
				CLANG_WARN_ENUM_CONVERSION = YES;
				CLANG_WARN_INFINITE_RECURSION = YES;
				CLANG_WARN_INT_CONVERSION = YES;
				CLANG_WARN_NON_LITERAL_NULL_CONVERSION = YES;
				CLANG_WARN_OBJC_IMPLICIT_RETAIN_SELF = YES;
				CLANG_WARN_OBJC_LITERAL_CONVERSION = YES;
				CLANG_WARN_OBJC_ROOT_CLASS = YES_ERROR;
				CLANG_WARN_RANGE_LOOP_ANALYSIS = YES;
				CLANG_WARN_STRICT_PROTOTYPES = YES;
				CLANG_WARN_SUSPICIOUS_MOVE = YES;
				CLANG_WARN_UNGUARDED_AVAILABILITY = YES_AGGRESSIVE;
				CLANG_WARN_UNREACHABLE_CODE = YES;
				CLANG_WARN__DUPLICATE_METHOD_MATCH = YES;
				CODE_SIGN_IDENTITY = "iPhone Developer";
				COPY_PHASE_STRIP = NO;
				DEBUG_INFORMATION_FORMAT = "dwarf-with-dsym";
				ENABLE_NS_ASSERTIONS = NO;
				ENABLE_STRICT_OBJC_MSGSEND = YES;
				GCC_C_LANGUAGE_STANDARD = gnu11;
				GCC_NO_COMMON_BLOCKS = YES;
				GCC_WARN_64_TO_32_BIT_CONVERSION = YES;
				GCC_WARN_ABOUT_RETURN_TYPE = YES_ERROR;
				GCC_WARN_UNDECLARED_SELECTOR = YES;
				GCC_WARN_UNINITIALIZED_AUTOS = YES_AGGRESSIVE;
				GCC_WARN_UNUSED_FUNCTION = YES;
				GCC_WARN_UNUSED_VARIABLE = YES;
				IPHONEOS_DEPLOYMENT_TARGET = 11.3;
				MTL_ENABLE_DEBUG_INFO = NO;
				SDKROOT = iphoneos;
				SWIFT_COMPILATION_MODE = wholemodule;
				SWIFT_OPTIMIZATION_LEVEL = "-O";
				VALIDATE_PRODUCT = YES;
			};
			name = Release;
		};
		212706A120A6A7C800C98F5E /* Debug */ = {
			isa = XCBuildConfiguration;
			baseConfigurationReference = B5B9CE070D943FB91002E246 /* Pods-MyRearGuard.debug.xcconfig */;
			buildSettings = {
				ASSETCATALOG_COMPILER_APPICON_NAME = AppIcon;
				CODE_SIGN_STYLE = Automatic;
				INFOPLIST_FILE = MyRearGuard/Info.plist;
				LD_RUNPATH_SEARCH_PATHS = (
					"$(inherited)",
					"@executable_path/Frameworks",
				);
				PRODUCT_BUNDLE_IDENTIFIER = com.myrearguard.MyRearGuard;
				PRODUCT_NAME = "$(TARGET_NAME)";
				SWIFT_VERSION = 4.0;
				TARGETED_DEVICE_FAMILY = "1,2";
			};
			name = Debug;
		};
		212706A220A6A7C800C98F5E /* Release */ = {
			isa = XCBuildConfiguration;
			baseConfigurationReference = EA75E4A4FEEBD84DF9719F75 /* Pods-MyRearGuard.release.xcconfig */;
			buildSettings = {
				ASSETCATALOG_COMPILER_APPICON_NAME = AppIcon;
				CODE_SIGN_STYLE = Automatic;
				INFOPLIST_FILE = MyRearGuard/Info.plist;
				LD_RUNPATH_SEARCH_PATHS = (
					"$(inherited)",
					"@executable_path/Frameworks",
				);
				PRODUCT_BUNDLE_IDENTIFIER = com.myrearguard.MyRearGuard;
				PRODUCT_NAME = "$(TARGET_NAME)";
				SWIFT_VERSION = 4.0;
				TARGETED_DEVICE_FAMILY = "1,2";
			};
			name = Release;
		};
/* End XCBuildConfiguration section */

/* Begin XCConfigurationList section */
		2127068920A6A7C700C98F5E /* Build configuration list for PBXProject "Medic" */ = {
			isa = XCConfigurationList;
			buildConfigurations = (
				2127069E20A6A7C800C98F5E /* Debug */,
				2127069F20A6A7C800C98F5E /* Release */,
			);
			defaultConfigurationIsVisible = 0;
			defaultConfigurationName = Release;
		};
		212706A020A6A7C800C98F5E /* Build configuration list for PBXNativeTarget "Medic" */ = {
			isa = XCConfigurationList;
			buildConfigurations = (
				212706A120A6A7C800C98F5E /* Debug */,
				212706A220A6A7C800C98F5E /* Release */,
			);
			defaultConfigurationIsVisible = 0;
			defaultConfigurationName = Release;
		};
/* End XCConfigurationList section */
	};
	rootObject = 2127068620A6A7C700C98F5E /* Project object */;
}
